// !$*UTF8*$!
{
	archiveVersion = 1;
	classes = {
	};
	objectVersion = 48;
	objects = {

/* Begin PBXBuildFile section */
		5EBDC98245EE1D0254A802C3 /* Pods_Insta23.framework in Frameworks */ = {isa = PBXBuildFile; fileRef = 21EF29816734046CF4DE5C17 /* Pods_Insta23.framework */; };
		8B3E75B81FAD66CE00BD0B4B /* AppDelegate.m in Sources */ = {isa = PBXBuildFile; fileRef = 8B3E75B71FAD66CE00BD0B4B /* AppDelegate.m */; };
		8B3E75C11FAD66CE00BD0B4B /* Insta23.xcdatamodeld in Sources */ = {isa = PBXBuildFile; fileRef = 8B3E75BF1FAD66CE00BD0B4B /* Insta23.xcdatamodeld */; };
		8B3E75C31FAD66CE00BD0B4B /* Assets.xcassets in Resources */ = {isa = PBXBuildFile; fileRef = 8B3E75C21FAD66CE00BD0B4B /* Assets.xcassets */; };
		8B3E75C91FAD66CE00BD0B4B /* main.m in Sources */ = {isa = PBXBuildFile; fileRef = 8B3E75C81FAD66CE00BD0B4B /* main.m */; };
		8B3E75D21FAD676200BD0B4B /* Api.m in Sources */ = {isa = PBXBuildFile; fileRef = 8B3E75D11FAD676200BD0B4B /* Api.m */; };
		8B3E75D51FAE570400BD0B4B /* LoginViewController.m in Sources */ = {isa = PBXBuildFile; fileRef = 8B3E75D41FAE570400BD0B4B /* LoginViewController.m */; };
		8B3E75D81FAE677300BD0B4B /* StreamViewController.m in Sources */ = {isa = PBXBuildFile; fileRef = 8B3E75D71FAE677300BD0B4B /* StreamViewController.m */; };
		8B3E75DB1FAE774300BD0B4B /* StreamTableViewCell.m in Sources */ = {isa = PBXBuildFile; fileRef = 8B3E75DA1FAE774300BD0B4B /* StreamTableViewCell.m */; };
		8B761FF71FAEA1AA00FA0165 /* AFNetworking.framework in Frameworks */ = {isa = PBXBuildFile; fileRef = 8B761FF81FAEA1AA00FA0165 /* AFNetworking.framework */; };
/* End PBXBuildFile section */

/* Begin PBXFileReference section */
		21EF29816734046CF4DE5C17 /* Pods_Insta23.framework */ = {isa = PBXFileReference; explicitFileType = wrapper.framework; includeInIndex = 0; path = Pods_Insta23.framework; sourceTree = BUILT_PRODUCTS_DIR; };
		48C10B5B373DA8987675B690 /* Pods-Insta23.debug.xcconfig */ = {isa = PBXFileReference; includeInIndex = 1; lastKnownFileType = text.xcconfig; name = "Pods-Insta23.debug.xcconfig"; path = "Pods/Target Support Files/Pods-Insta23/Pods-Insta23.debug.xcconfig"; sourceTree = "<group>"; };
		861FF9B3608D0486D6FF1DA6 /* Pods-Insta23.release.xcconfig */ = {isa = PBXFileReference; includeInIndex = 1; lastKnownFileType = text.xcconfig; name = "Pods-Insta23.release.xcconfig"; path = "Pods/Target Support Files/Pods-Insta23/Pods-Insta23.release.xcconfig"; sourceTree = "<group>"; };
		8B3E75B31FAD66CE00BD0B4B /* Insta23.app */ = {isa = PBXFileReference; explicitFileType = wrapper.application; includeInIndex = 0; path = Insta23.app; sourceTree = BUILT_PRODUCTS_DIR; };
		8B3E75B61FAD66CE00BD0B4B /* AppDelegate.h */ = {isa = PBXFileReference; lastKnownFileType = sourcecode.c.h; path = AppDelegate.h; sourceTree = "<group>"; };
		8B3E75B71FAD66CE00BD0B4B /* AppDelegate.m */ = {isa = PBXFileReference; lastKnownFileType = sourcecode.c.objc; path = AppDelegate.m; sourceTree = "<group>"; };
		8B3E75C01FAD66CE00BD0B4B /* Insta23.xcdatamodel */ = {isa = PBXFileReference; lastKnownFileType = wrapper.xcdatamodel; path = Insta23.xcdatamodel; sourceTree = "<group>"; };
		8B3E75C21FAD66CE00BD0B4B /* Assets.xcassets */ = {isa = PBXFileReference; lastKnownFileType = folder.assetcatalog; path = Assets.xcassets; sourceTree = "<group>"; };
		8B3E75C71FAD66CE00BD0B4B /* Info.plist */ = {isa = PBXFileReference; lastKnownFileType = text.plist.xml; path = Info.plist; sourceTree = "<group>"; };
		8B3E75C81FAD66CE00BD0B4B /* main.m */ = {isa = PBXFileReference; lastKnownFileType = sourcecode.c.objc; path = main.m; sourceTree = "<group>"; };
		8B3E75D01FAD676200BD0B4B /* Api.h */ = {isa = PBXFileReference; lastKnownFileType = sourcecode.c.h; path = Api.h; sourceTree = "<group>"; };
		8B3E75D11FAD676200BD0B4B /* Api.m */ = {isa = PBXFileReference; lastKnownFileType = sourcecode.c.objc; path = Api.m; sourceTree = "<group>"; };
		8B3E75D31FAE570400BD0B4B /* LoginViewController.h */ = {isa = PBXFileReference; lastKnownFileType = sourcecode.c.h; path = LoginViewController.h; sourceTree = "<group>"; };
		8B3E75D41FAE570400BD0B4B /* LoginViewController.m */ = {isa = PBXFileReference; lastKnownFileType = sourcecode.c.objc; path = LoginViewController.m; sourceTree = "<group>"; };
		8B3E75D61FAE677300BD0B4B /* StreamViewController.h */ = {isa = PBXFileReference; lastKnownFileType = sourcecode.c.h; path = StreamViewController.h; sourceTree = "<group>"; };
		8B3E75D71FAE677300BD0B4B /* StreamViewController.m */ = {isa = PBXFileReference; lastKnownFileType = sourcecode.c.objc; path = StreamViewController.m; sourceTree = "<group>"; };
		8B3E75D91FAE774300BD0B4B /* StreamTableViewCell.h */ = {isa = PBXFileReference; lastKnownFileType = sourcecode.c.h; path = StreamTableViewCell.h; sourceTree = "<group>"; };
		8B3E75DA1FAE774300BD0B4B /* StreamTableViewCell.m */ = {isa = PBXFileReference; lastKnownFileType = sourcecode.c.objc; path = StreamTableViewCell.m; sourceTree = "<group>"; };
		8B761FF01FAE9F0600FA0165 /* AFNetworking.framework */ = {isa = PBXFileReference; explicitFileType = wrapper.framework; path = AFNetworking.framework; sourceTree = BUILT_PRODUCTS_DIR; };
		8B761FF61FAEA19B00FA0165 /* AFNetworking.framework */ = {isa = PBXFileReference; explicitFileType = wrapper.framework; path = AFNetworking.framework; sourceTree = BUILT_PRODUCTS_DIR; };
		8B761FF81FAEA1AA00FA0165 /* AFNetworking.framework */ = {isa = PBXFileReference; explicitFileType = wrapper.framework; path = AFNetworking.framework; sourceTree = BUILT_PRODUCTS_DIR; };
		8B761FFC1FB0D69D00FA0165 /* Constants.h */ = {isa = PBXFileReference; lastKnownFileType = sourcecode.c.h; path = Constants.h; sourceTree = "<group>"; };
/* End PBXFileReference section */

/* Begin PBXFrameworksBuildPhase section */
		8B3E75B01FAD66CE00BD0B4B /* Frameworks */ = {
			isa = PBXFrameworksBuildPhase;
			buildActionMask = 2147483647;
			files = (
				8B761FF71FAEA1AA00FA0165 /* AFNetworking.framework in Frameworks */,
				5EBDC98245EE1D0254A802C3 /* Pods_Insta23.framework in Frameworks */,
			);
			runOnlyForDeploymentPostprocessing = 0;
		};
/* End PBXFrameworksBuildPhase section */

/* Begin PBXGroup section */
		4FC3FB557C4D305DCB4B606C /* Frameworks */ = {
			isa = PBXGroup;
			children = (
				8B761FF81FAEA1AA00FA0165 /* AFNetworking.framework */,
				8B761FF61FAEA19B00FA0165 /* AFNetworking.framework */,
				8B761FF01FAE9F0600FA0165 /* AFNetworking.framework */,
				21EF29816734046CF4DE5C17 /* Pods_Insta23.framework */,
			);
			name = Frameworks;
			sourceTree = "<group>";
		};
		8B3E75AA1FAD66CE00BD0B4B = {
			isa = PBXGroup;
			children = (
				8B3E75B51FAD66CE00BD0B4B /* Insta23 */,
				8B3E75B41FAD66CE00BD0B4B /* Products */,
				E9D586FAB4CF28C18B770919 /* Pods */,
				4FC3FB557C4D305DCB4B606C /* Frameworks */,
			);
			sourceTree = "<group>";
		};
		8B3E75B41FAD66CE00BD0B4B /* Products */ = {
			isa = PBXGroup;
			children = (
				8B3E75B31FAD66CE00BD0B4B /* Insta23.app */,
			);
			name = Products;
			sourceTree = "<group>";
		};
		8B3E75B51FAD66CE00BD0B4B /* Insta23 */ = {
			isa = PBXGroup;
			children = (
				8B761FFC1FB0D69D00FA0165 /* Constants.h */,
				8B3E75B61FAD66CE00BD0B4B /* AppDelegate.h */,
				8B3E75B71FAD66CE00BD0B4B /* AppDelegate.m */,
				8B3E75C21FAD66CE00BD0B4B /* Assets.xcassets */,
				8B3E75C71FAD66CE00BD0B4B /* Info.plist */,
				8B3E75C81FAD66CE00BD0B4B /* main.m */,
				8B3E75BF1FAD66CE00BD0B4B /* Insta23.xcdatamodeld */,
				8B3E75D31FAE570400BD0B4B /* LoginViewController.h */,
				8B3E75D41FAE570400BD0B4B /* LoginViewController.m */,
				8B3E75D61FAE677300BD0B4B /* StreamViewController.h */,
				8B3E75D71FAE677300BD0B4B /* StreamViewController.m */,
				8B3E75D91FAE774300BD0B4B /* StreamTableViewCell.h */,
				8B3E75DA1FAE774300BD0B4B /* StreamTableViewCell.m */,
				8B3E75CF1FAD673A00BD0B4B /* api */,
			);
			path = Insta23;
			sourceTree = "<group>";
		};
		8B3E75CF1FAD673A00BD0B4B /* api */ = {
			isa = PBXGroup;
			children = (
				8B3E75D01FAD676200BD0B4B /* Api.h */,
				8B3E75D11FAD676200BD0B4B /* Api.m */,
			);
			path = api;
			sourceTree = "<group>";
		};
		E9D586FAB4CF28C18B770919 /* Pods */ = {
			isa = PBXGroup;
			children = (
				48C10B5B373DA8987675B690 /* Pods-Insta23.debug.xcconfig */,
				861FF9B3608D0486D6FF1DA6 /* Pods-Insta23.release.xcconfig */,
			);
			name = Pods;
			sourceTree = "<group>";
		};
/* End PBXGroup section */

/* Begin PBXNativeTarget section */
		8B3E75B21FAD66CE00BD0B4B /* Insta23 */ = {
			isa = PBXNativeTarget;
			buildConfigurationList = 8B3E75CC1FAD66CE00BD0B4B /* Build configuration list for PBXNativeTarget "Insta23" */;
			buildPhases = (
				CDC5A5287C715AEE811601D3 /* [CP] Check Pods Manifest.lock */,
				8B3E75AF1FAD66CE00BD0B4B /* Sources */,
				8B3E75B01FAD66CE00BD0B4B /* Frameworks */,
				8B3E75B11FAD66CE00BD0B4B /* Resources */,
				8D976B9A9A256826D3857D3B /* [CP] Embed Pods Frameworks */,
				F1E5DEF7715B4E16CEEE3166 /* [CP] Copy Pods Resources */,
			);
			buildRules = (
			);
			dependencies = (
			);
			name = Insta23;
			productName = Insta23;
			productReference = 8B3E75B31FAD66CE00BD0B4B /* Insta23.app */;
			productType = "com.apple.product-type.application";
		};
/* End PBXNativeTarget section */

/* Begin PBXProject section */
		8B3E75AB1FAD66CE00BD0B4B /* Project object */ = {
			isa = PBXProject;
			attributes = {
				LastUpgradeCheck = 0910;
				ORGANIZATIONNAME = "Dmitry Kashlev";
				TargetAttributes = {
					8B3E75B21FAD66CE00BD0B4B = {
						CreatedOnToolsVersion = 9.1;
						ProvisioningStyle = Automatic;
					};
				};
			};
			buildConfigurationList = 8B3E75AE1FAD66CE00BD0B4B /* Build configuration list for PBXProject "Insta23" */;
			compatibilityVersion = "Xcode 8.0";
			developmentRegion = en;
			hasScannedForEncodings = 0;
			knownRegions = (
				en,
				Base,
			);
			mainGroup = 8B3E75AA1FAD66CE00BD0B4B;
			productRefGroup = 8B3E75B41FAD66CE00BD0B4B /* Products */;
			projectDirPath = "";
			projectRoot = "";
			targets = (
				8B3E75B21FAD66CE00BD0B4B /* Insta23 */,
			);
		};
/* End PBXProject section */

/* Begin PBXResourcesBuildPhase section */
		8B3E75B11FAD66CE00BD0B4B /* Resources */ = {
			isa = PBXResourcesBuildPhase;
			buildActionMask = 2147483647;
			files = (
				8B3E75C31FAD66CE00BD0B4B /* Assets.xcassets in Resources */,
			);
			runOnlyForDeploymentPostprocessing = 0;
		};
/* End PBXResourcesBuildPhase section */

/* Begin PBXShellScriptBuildPhase section */
		8D976B9A9A256826D3857D3B /* [CP] Embed Pods Frameworks */ = {
			isa = PBXShellScriptBuildPhase;
			buildActionMask = 2147483647;
			files = (
			);
			inputPaths = (
				"${SRCROOT}/Pods/Target Support Files/Pods-Insta23/Pods-Insta23-frameworks.sh",
				"${BUILT_PRODUCTS_DIR}/AFNetworking/AFNetworking.framework",
			);
			name = "[CP] Embed Pods Frameworks";
			outputPaths = (
				"${TARGET_BUILD_DIR}/${FRAMEWORKS_FOLDER_PATH}/AFNetworking.framework",
			);
			runOnlyForDeploymentPostprocessing = 0;
			shellPath = /bin/sh;
			shellScript = "\"${SRCROOT}/Pods/Target Support Files/Pods-Insta23/Pods-Insta23-frameworks.sh\"\n";
			showEnvVarsInLog = 0;
		};
		CDC5A5287C715AEE811601D3 /* [CP] Check Pods Manifest.lock */ = {
			isa = PBXShellScriptBuildPhase;
			buildActionMask = 2147483647;
			files = (
			);
			inputPaths = (
				"${PODS_PODFILE_DIR_PATH}/Podfile.lock",
				"${PODS_ROOT}/Manifest.lock",
			);
			name = "[CP] Check Pods Manifest.lock";
			outputPaths = (
				"$(DERIVED_FILE_DIR)/Pods-Insta23-checkManifestLockResult.txt",
			);
			runOnlyForDeploymentPostprocessing = 0;
			shellPath = /bin/sh;
			shellScript = "diff \"${PODS_PODFILE_DIR_PATH}/Podfile.lock\" \"${PODS_ROOT}/Manifest.lock\" > /dev/null\nif [ $? != 0 ] ; then\n    # print error to STDERR\n    echo \"error: The sandbox is not in sync with the Podfile.lock. Run 'pod install' or update your CocoaPods installation.\" >&2\n    exit 1\nfi\n# This output is used by Xcode 'outputs' to avoid re-running this script phase.\necho \"SUCCESS\" > \"${SCRIPT_OUTPUT_FILE_0}\"\n";
			showEnvVarsInLog = 0;
		};
		F1E5DEF7715B4E16CEEE3166 /* [CP] Copy Pods Resources */ = {
			isa = PBXShellScriptBuildPhase;
			buildActionMask = 2147483647;
			files = (
			);
			inputPaths = (
			);
			name = "[CP] Copy Pods Resources";
			outputPaths = (
			);
			runOnlyForDeploymentPostprocessing = 0;
			shellPath = /bin/sh;
			shellScript = "\"${SRCROOT}/Pods/Target Support Files/Pods-Insta23/Pods-Insta23-resources.sh\"\n";
			showEnvVarsInLog = 0;
		};
/* End PBXShellScriptBuildPhase section */

/* Begin PBXSourcesBuildPhase section */
		8B3E75AF1FAD66CE00BD0B4B /* Sources */ = {
			isa = PBXSourcesBuildPhase;
			buildActionMask = 2147483647;
			files = (
				8B3E75D21FAD676200BD0B4B /* Api.m in Sources */,
				8B3E75DB1FAE774300BD0B4B /* StreamTableViewCell.m in Sources */,
				8B3E75D51FAE570400BD0B4B /* LoginViewController.m in Sources */,
				8B3E75D81FAE677300BD0B4B /* StreamViewController.m in Sources */,
				8B3E75C11FAD66CE00BD0B4B /* Insta23.xcdatamodeld in Sources */,
				8B3E75C91FAD66CE00BD0B4B /* main.m in Sources */,
				8B3E75B81FAD66CE00BD0B4B /* AppDelegate.m in Sources */,
			);
			runOnlyForDeploymentPostprocessing = 0;
		};
/* End PBXSourcesBuildPhase section */

/* Begin XCBuildConfiguration section */
		8B3E75CA1FAD66CE00BD0B4B /* Debug */ = {
			isa = XCBuildConfiguration;
			buildSettings = {
				ALWAYS_SEARCH_USER_PATHS = NO;
				CLANG_ANALYZER_NONNULL = YES;
				CLANG_ANALYZER_NUMBER_OBJECT_CONVERSION = YES_AGGRESSIVE;
				CLANG_CXX_LANGUAGE_STANDARD = "gnu++14";
				CLANG_CXX_LIBRARY = "libc++";
				CLANG_ENABLE_MODULES = YES;
				CLANG_ENABLE_OBJC_ARC = YES;
				CLANG_WARN_BLOCK_CAPTURE_AUTORELEASING = YES;
				CLANG_WARN_BOOL_CONVERSION = YES;
				CLANG_WARN_COMMA = YES;
				CLANG_WARN_CONSTANT_CONVERSION = YES;
				CLANG_WARN_DIRECT_OBJC_ISA_USAGE = YES_ERROR;
				CLANG_WARN_DOCUMENTATION_COMMENTS = YES;
				CLANG_WARN_EMPTY_BODY = YES;
				CLANG_WARN_ENUM_CONVERSION = YES;
				CLANG_WARN_INFINITE_RECURSION = YES;
				CLANG_WARN_INT_CONVERSION = YES;
				CLANG_WARN_NON_LITERAL_NULL_CONVERSION = YES;
				CLANG_WARN_OBJC_LITERAL_CONVERSION = YES;
				CLANG_WARN_OBJC_ROOT_CLASS = YES_ERROR;
				CLANG_WARN_RANGE_LOOP_ANALYSIS = YES;
				CLANG_WARN_STRICT_PROTOTYPES = YES;
				CLANG_WARN_SUSPICIOUS_MOVE = YES;
				CLANG_WARN_UNGUARDED_AVAILABILITY = YES_AGGRESSIVE;
				CLANG_WARN_UNREACHABLE_CODE = YES;
				CLANG_WARN__DUPLICATE_METHOD_MATCH = YES;
				CODE_SIGN_IDENTITY = "iPhone Developer";
				COPY_PHASE_STRIP = NO;
				DEBUG_INFORMATION_FORMAT = dwarf;
				ENABLE_STRICT_OBJC_MSGSEND = YES;
				ENABLE_TESTABILITY = YES;
				GCC_C_LANGUAGE_STANDARD = gnu11;
				GCC_DYNAMIC_NO_PIC = NO;
				GCC_NO_COMMON_BLOCKS = YES;
				GCC_OPTIMIZATION_LEVEL = 0;
				GCC_PREPROCESSOR_DEFINITIONS = (
					"DEBUG=1",
					"$(inherited)",
				);
				GCC_WARN_64_TO_32_BIT_CONVERSION = YES;
				GCC_WARN_ABOUT_RETURN_TYPE = YES_ERROR;
				GCC_WARN_UNDECLARED_SELECTOR = YES;
				GCC_WARN_UNINITIALIZED_AUTOS = YES_AGGRESSIVE;
				GCC_WARN_UNUSED_FUNCTION = YES;
				GCC_WARN_UNUSED_VARIABLE = YES;
				IPHONEOS_DEPLOYMENT_TARGET = 11.1;
				MTL_ENABLE_DEBUG_INFO = YES;
				ONLY_ACTIVE_ARCH = YES;
				SDKROOT = iphoneos;
			};
			name = Debug;
		};
		8B3E75CB1FAD66CE00BD0B4B /* Release */ = {
			isa = XCBuildConfiguration;
			buildSettings = {
				ALWAYS_SEARCH_USER_PATHS = NO;
				CLANG_ANALYZER_NONNULL = YES;
				CLANG_ANALYZER_NUMBER_OBJECT_CONVERSION = YES_AGGRESSIVE;
				CLANG_CXX_LANGUAGE_STANDARD = "gnu++14";
				CLANG_CXX_LIBRARY = "libc++";
				CLANG_ENABLE_MODULES = YES;
				CLANG_ENABLE_OBJC_ARC = YES;
				CLANG_WARN_BLOCK_CAPTURE_AUTORELEASING = YES;
				CLANG_WARN_BOOL_CONVERSION = YES;
				CLANG_WARN_COMMA = YES;
				CLANG_WARN_CONSTANT_CONVERSION = YES;
				CLANG_WARN_DIRECT_OBJC_ISA_USAGE = YES_ERROR;
				CLANG_WARN_DOCUMENTATION_COMMENTS = YES;
				CLANG_WARN_EMPTY_BODY = YES;
				CLANG_WARN_ENUM_CONVERSION = YES;
				CLANG_WARN_INFINITE_RECURSION = YES;
				CLANG_WARN_INT_CONVERSION = YES;
				CLANG_WARN_NON_LITERAL_NULL_CONVERSION = YES;
				CLANG_WARN_OBJC_LITERAL_CONVERSION = YES;
				CLANG_WARN_OBJC_ROOT_CLASS = YES_ERROR;
				CLANG_WARN_RANGE_LOOP_ANALYSIS = YES;
				CLANG_WARN_STRICT_PROTOTYPES = YES;
				CLANG_WARN_SUSPICIOUS_MOVE = YES;
				CLANG_WARN_UNGUARDED_AVAILABILITY = YES_AGGRESSIVE;
				CLANG_WARN_UNREACHABLE_CODE = YES;
				CLANG_WARN__DUPLICATE_METHOD_MATCH = YES;
				CODE_SIGN_IDENTITY = "iPhone Developer";
				COPY_PHASE_STRIP = NO;
				DEBUG_INFORMATION_FORMAT = "dwarf-with-dsym";
				ENABLE_NS_ASSERTIONS = NO;
				ENABLE_STRICT_OBJC_MSGSEND = YES;
				GCC_C_LANGUAGE_STANDARD = gnu11;
				GCC_NO_COMMON_BLOCKS = YES;
				GCC_WARN_64_TO_32_BIT_CONVERSION = YES;
				GCC_WARN_ABOUT_RETURN_TYPE = YES_ERROR;
				GCC_WARN_UNDECLARED_SELECTOR = YES;
				GCC_WARN_UNINITIALIZED_AUTOS = YES_AGGRESSIVE;
				GCC_WARN_UNUSED_FUNCTION = YES;
				GCC_WARN_UNUSED_VARIABLE = YES;
				IPHONEOS_DEPLOYMENT_TARGET = 11.1;
				MTL_ENABLE_DEBUG_INFO = NO;
				SDKROOT = iphoneos;
				VALIDATE_PRODUCT = YES;
			};
			name = Release;
		};
		8B3E75CD1FAD66CE00BD0B4B /* Debug */ = {
			isa = XCBuildConfiguration;
			baseConfigurationReference = 48C10B5B373DA8987675B690 /* Pods-Insta23.debug.xcconfig */;
			buildSettings = {
				ASSETCATALOG_COMPILER_APPICON_NAME = AppIcon;
				CODE_SIGN_STYLE = Automatic;
				DEVELOPMENT_TEAM = 2H343K5WKK;
				INFOPLIST_FILE = Insta23/Info.plist;
				LD_RUNPATH_SEARCH_PATHS = "$(inherited) @executable_path/Frameworks";
				PRODUCT_BUNDLE_IDENTIFIER = com.mkashlev.Insta23;
				PRODUCT_NAME = "$(TARGET_NAME)";
				TARGETED_DEVICE_FAMILY = "1,2";
			};
			name = Debug;
		};
		8B3E75CE1FAD66CE00BD0B4B /* Release */ = {
			isa = XCBuildConfiguration;
			baseConfigurationReference = 861FF9B3608D0486D6FF1DA6 /* Pods-Insta23.release.xcconfig */;
			buildSettings = {
				ASSETCATALOG_COMPILER_APPICON_NAME = AppIcon;
				CODE_SIGN_STYLE = Automatic;
				DEVELOPMENT_TEAM = 2H343K5WKK;
				INFOPLIST_FILE = Insta23/Info.plist;
				LD_RUNPATH_SEARCH_PATHS = "$(inherited) @executable_path/Frameworks";
				PRODUCT_BUNDLE_IDENTIFIER = com.mkashlev.Insta23;
				PRODUCT_NAME = "$(TARGET_NAME)";
				TARGETED_DEVICE_FAMILY = "1,2";
			};
			name = Release;
		};
/* End XCBuildConfiguration section */

/* Begin XCConfigurationList section */
		8B3E75AE1FAD66CE00BD0B4B /* Build configuration list for PBXProject "Insta23" */ = {
			isa = XCConfigurationList;
			buildConfigurations = (
				8B3E75CA1FAD66CE00BD0B4B /* Debug */,
				8B3E75CB1FAD66CE00BD0B4B /* Release */,
			);
			defaultConfigurationIsVisible = 0;
			defaultConfigurationName = Release;
		};
		8B3E75CC1FAD66CE00BD0B4B /* Build configuration list for PBXNativeTarget "Insta23" */ = {
			isa = XCConfigurationList;
			buildConfigurations = (
				8B3E75CD1FAD66CE00BD0B4B /* Debug */,
				8B3E75CE1FAD66CE00BD0B4B /* Release */,
			);
			defaultConfigurationIsVisible = 0;
			defaultConfigurationName = Release;
		};
/* End XCConfigurationList section */

/* Begin XCVersionGroup section */
		8B3E75BF1FAD66CE00BD0B4B /* Insta23.xcdatamodeld */ = {
			isa = XCVersionGroup;
			children = (
				8B3E75C01FAD66CE00BD0B4B /* Insta23.xcdatamodel */,
			);
			currentVersion = 8B3E75C01FAD66CE00BD0B4B /* Insta23.xcdatamodel */;
			path = Insta23.xcdatamodeld;
			sourceTree = "<group>";
			versionGroupType = wrapper.xcdatamodel;
		};
/* End XCVersionGroup section */
	};
	rootObject = 8B3E75AB1FAD66CE00BD0B4B /* Project object */;
}
